
Microsoft Visual Studio Solution File, Format Version 12.00
# Visual Studio Version 17
VisualStudioVersion = 17.2.32602.215
MinimumVisualStudioVersion = 10.0.40219.1
Project("{9A19103F-16F7-4668-BE54-9A1E7A4F7556}") = "prueba_tecnica_api", "prueba_tecnica_api\prueba_tecnica_api.csproj", "{741B39FB-602E-4738-ACD8-BCA6CA71B9E7}"
EndProject
Project("{2150E333-8FDC-42A3-9474-1A3956D46DE8}") = "Solution Items", "Solution Items", "{342301B0-D0D5-4075-919F-9A18E935D445}"
	ProjectSection(SolutionItems) = preProject
		.editorconfig = .editorconfig
	EndProjectSection
EndProject
Global
	GlobalSection(SolutionConfigurationPlatforms) = preSolution
		Debug|Any CPU = Debug|Any CPU
		Release|Any CPU = Release|Any CPU
	EndGlobalSection
	GlobalSection(ProjectConfigurationPlatforms) = postSolution
		{741B39FB-602E-4738-ACD8-BCA6CA71B9E7}.Debug|Any CPU.ActiveCfg = Debug|Any CPU
		{741B39FB-602E-4738-ACD8-BCA6CA71B9E7}.Debug|Any CPU.Build.0 = Debug|Any CPU
		{741B39FB-602E-4738-ACD8-BCA6CA71B9E7}.Release|Any CPU.ActiveCfg = Release|Any CPU
		{741B39FB-602E-4738-ACD8-BCA6CA71B9E7}.Release|Any CPU.Build.0 = Release|Any CPU
	EndGlobalSection
	GlobalSection(SolutionProperties) = preSolution
		HideSolutionNode = FALSE
	EndGlobalSection
	GlobalSection(ExtensibilityGlobals) = postSolution
		SolutionGuid = {ADAEADAB-1BCB-484F-81CB-F9BAE9D7774A}
	EndGlobalSection
EndGlobal
